{
  "version": 4,
  "terraform_version": "1.12.1",
  "serial": 55,
  "lineage": "db074677-59b8-b0e3-9607-e51b97d57b3c",
  "outputs": {},
  "resources": [
    {
      "mode": "data",
      "type": "template_file",
      "name": "meta_data",
      "provider": "provider[\"registry.terraform.io/hashicorp/template\"]",
      "instances": [
        {
          "index_key": 0,
          "schema_version": 0,
          "attributes": {
            "filename": null,
            "id": "3a7a109ce196fd2cf1d47e7c6087c883d925f8d01e3c84bff92cc362062fecae",
            "rendered": "instance-id: labvm1\nlocal-hostname: labvm1\n",
            "template": "instance-id: labvm1\nlocal-hostname: labvm1\n",
            "vars": null
          },
          "sensitive_attributes": [],
          "identity_schema_version": 0
        },
        {
          "index_key": 1,
          "schema_version": 0,
          "attributes": {
            "filename": null,
            "id": "bba5c479455782cc06f2c5f4c5ad81d2e8d722a8f560f28953466cdf4bc74a18",
            "rendered": "instance-id: labvm2\nlocal-hostname: labvm2\n",
            "template": "instance-id: labvm2\nlocal-hostname: labvm2\n",
            "vars": null
          },
          "sensitive_attributes": [],
          "identity_schema_version": 0
        },
        {
          "index_key": 2,
          "schema_version": 0,
          "attributes": {
            "filename": null,
            "id": "a0b73d3ac5344ffe334ce8780ea787e0e1ea4c1365e14518d28ca07f04316f59",
            "rendered": "instance-id: labvm3\nlocal-hostname: labvm3\n",
            "template": "instance-id: labvm3\nlocal-hostname: labvm3\n",
            "vars": null
          },
          "sensitive_attributes": [],
          "identity_schema_version": 0
        },
        {
          "index_key": 3,
          "schema_version": 0,
          "attributes": {
            "filename": null,
            "id": "8acbbbbfdc81de6d750cc02739af1198020d96ad9c36c9967a19c4af949ac963",
            "rendered": "instance-id: labvm4\nlocal-hostname: labvm4\n",
            "template": "instance-id: labvm4\nlocal-hostname: labvm4\n",
            "vars": null
          },
          "sensitive_attributes": [],
          "identity_schema_version": 0
        }
      ]
    },
    {
      "mode": "data",
      "type": "template_file",
      "name": "user_data",
      "provider": "provider[\"registry.terraform.io/hashicorp/template\"]",
      "instances": [
        {
          "index_key": 0,
          "schema_version": 0,
          "attributes": {
            "filename": null,
            "id": "db2fdce71ae6287409e8c81bad885651412245d06c535160cc66644176accca1",
            "rendered": "#cloud-config\nusers:\n  - name: \"ubuntu\"              # labvm0\n    ssh-authorized-keys:\n      - ssh-rsa AAAAB3NzaC1yc2EAAAADAQABAAABgQC7UK4FEG0v/UdfAnhK2YlBJR17PtdlyhK2ihXRVf5By71FNMe6tq8hn/KZAd0wOWWJTTr60nd5a50m28MRl3jdh/NOCwsZpHre2rLUC3hB7Ucdzub+h/X9CLUpNv19qWQjT6D8ayKAW5qu5V4MI4N+Kk8AYj8RJeN7W0v634ShetpyaioXvTPz6+GRQQsqGBNEeftECZa33QPB0wOYYJJMcQK5sEYWwAEk5C8KzHtbv9X87/kAslq2ZV3ORMEOQv8ywoRV6+Tau3GjQbUToYxyQHXR8bFAVKm35vnNGkHZ0gnqkn5aoZd2G9CvQXPZ7gvOvmaK6Tlszm6ywko6I2zbma2c8jeX1yEaGPB8igGZxN0Ml9BpDku17TxAuBKYFDD4gkIgU4jiAukntEybRAlQS5TIX2Ht6PTUGKFqrgdQcVI9F9IQ8c8ej67s5Cduc/1D6bDtbkgLIJzW9Wct2Zhzg0pChNnprMOf3fIQ5b/05MOsnb1W5bAdjZ5O/6AAT7U= hichem@ops\n    sudo: ['ALL=(ALL) NOPASSWD:ALL']\n    groups: sudo\n    shell: /bin/bash\n    lock_passwd: false\n    passwd: $6$CPBD7PJYoXowkski$DvEZej04o2PlZ6ONGxb6hQbOSxejP6u1iHswucqNMt1BPnuqURCJ60CchqO.Lek6/nKL4l5rmw1MY/zfhEhKd0\ndisable_root: true\nssh_pwauth: true\n",
            "template": "#cloud-config\nusers:\n  - name: \"ubuntu\"              # labvm0\n    ssh-authorized-keys:\n      - ssh-rsa AAAAB3NzaC1yc2EAAAADAQABAAABgQC7UK4FEG0v/UdfAnhK2YlBJR17PtdlyhK2ihXRVf5By71FNMe6tq8hn/KZAd0wOWWJTTr60nd5a50m28MRl3jdh/NOCwsZpHre2rLUC3hB7Ucdzub+h/X9CLUpNv19qWQjT6D8ayKAW5qu5V4MI4N+Kk8AYj8RJeN7W0v634ShetpyaioXvTPz6+GRQQsqGBNEeftECZa33QPB0wOYYJJMcQK5sEYWwAEk5C8KzHtbv9X87/kAslq2ZV3ORMEOQv8ywoRV6+Tau3GjQbUToYxyQHXR8bFAVKm35vnNGkHZ0gnqkn5aoZd2G9CvQXPZ7gvOvmaK6Tlszm6ywko6I2zbma2c8jeX1yEaGPB8igGZxN0Ml9BpDku17TxAuBKYFDD4gkIgU4jiAukntEybRAlQS5TIX2Ht6PTUGKFqrgdQcVI9F9IQ8c8ej67s5Cduc/1D6bDtbkgLIJzW9Wct2Zhzg0pChNnprMOf3fIQ5b/05MOsnb1W5bAdjZ5O/6AAT7U= hichem@ops\n    sudo: ['ALL=(ALL) NOPASSWD:ALL']\n    groups: sudo\n    shell: /bin/bash\n    lock_passwd: false\n    passwd: $6$CPBD7PJYoXowkski$DvEZej04o2PlZ6ONGxb6hQbOSxejP6u1iHswucqNMt1BPnuqURCJ60CchqO.Lek6/nKL4l5rmw1MY/zfhEhKd0\ndisable_root: true\nssh_pwauth: true\n",
            "vars": null
          },
          "sensitive_attributes": [
            [
              {
                "type": "get_attr",
                "value": "template"
              }
            ]
          ],
          "identity_schema_version": 0
        },
        {
          "index_key": 1,
          "schema_version": 0,
          "attributes": {
            "filename": null,
            "id": "7d12b1ad6fe76b6ada58990f9b4ac756322d847705ae958abae4b062a8ef8260",
            "rendered": "#cloud-config\nusers:\n  - name: \"ubuntu\"              # labvm1\n    ssh-authorized-keys:\n      - ssh-rsa AAAAB3NzaC1yc2EAAAADAQABAAABgQC7UK4FEG0v/UdfAnhK2YlBJR17PtdlyhK2ihXRVf5By71FNMe6tq8hn/KZAd0wOWWJTTr60nd5a50m28MRl3jdh/NOCwsZpHre2rLUC3hB7Ucdzub+h/X9CLUpNv19qWQjT6D8ayKAW5qu5V4MI4N+Kk8AYj8RJeN7W0v634ShetpyaioXvTPz6+GRQQsqGBNEeftECZa33QPB0wOYYJJMcQK5sEYWwAEk5C8KzHtbv9X87/kAslq2ZV3ORMEOQv8ywoRV6+Tau3GjQbUToYxyQHXR8bFAVKm35vnNGkHZ0gnqkn5aoZd2G9CvQXPZ7gvOvmaK6Tlszm6ywko6I2zbma2c8jeX1yEaGPB8igGZxN0Ml9BpDku17TxAuBKYFDD4gkIgU4jiAukntEybRAlQS5TIX2Ht6PTUGKFqrgdQcVI9F9IQ8c8ej67s5Cduc/1D6bDtbkgLIJzW9Wct2Zhzg0pChNnprMOf3fIQ5b/05MOsnb1W5bAdjZ5O/6AAT7U= hichem@ops\n    sudo: ['ALL=(ALL) NOPASSWD:ALL']\n    groups: sudo\n    shell: /bin/bash\n    lock_passwd: false\n    passwd: $6$CPBD7PJYoXowkski$DvEZej04o2PlZ6ONGxb6hQbOSxejP6u1iHswucqNMt1BPnuqURCJ60CchqO.Lek6/nKL4l5rmw1MY/zfhEhKd0\ndisable_root: true\nssh_pwauth: true\n",
            "template": "#cloud-config\nusers:\n  - name: \"ubuntu\"              # labvm1\n    ssh-authorized-keys:\n      - ssh-rsa AAAAB3NzaC1yc2EAAAADAQABAAABgQC7UK4FEG0v/UdfAnhK2YlBJR17PtdlyhK2ihXRVf5By71FNMe6tq8hn/KZAd0wOWWJTTr60nd5a50m28MRl3jdh/NOCwsZpHre2rLUC3hB7Ucdzub+h/X9CLUpNv19qWQjT6D8ayKAW5qu5V4MI4N+Kk8AYj8RJeN7W0v634ShetpyaioXvTPz6+GRQQsqGBNEeftECZa33QPB0wOYYJJMcQK5sEYWwAEk5C8KzHtbv9X87/kAslq2ZV3ORMEOQv8ywoRV6+Tau3GjQbUToYxyQHXR8bFAVKm35vnNGkHZ0gnqkn5aoZd2G9CvQXPZ7gvOvmaK6Tlszm6ywko6I2zbma2c8jeX1yEaGPB8igGZxN0Ml9BpDku17TxAuBKYFDD4gkIgU4jiAukntEybRAlQS5TIX2Ht6PTUGKFqrgdQcVI9F9IQ8c8ej67s5Cduc/1D6bDtbkgLIJzW9Wct2Zhzg0pChNnprMOf3fIQ5b/05MOsnb1W5bAdjZ5O/6AAT7U= hichem@ops\n    sudo: ['ALL=(ALL) NOPASSWD:ALL']\n    groups: sudo\n    shell: /bin/bash\n    lock_passwd: false\n    passwd: $6$CPBD7PJYoXowkski$DvEZej04o2PlZ6ONGxb6hQbOSxejP6u1iHswucqNMt1BPnuqURCJ60CchqO.Lek6/nKL4l5rmw1MY/zfhEhKd0\ndisable_root: true\nssh_pwauth: true\n",
            "vars": null
          },
          "sensitive_attributes": [
            [
              {
                "type": "get_attr",
                "value": "template"
              }
            ]
          ],
          "identity_schema_version": 0
        },
        {
          "index_key": 2,
          "schema_version": 0,
          "attributes": {
            "filename": null,
            "id": "d33ce8fd38faede4dd86a2fccd170fd5405a4a7dad98d47e780c2cc04eb24558",
            "rendered": "#cloud-config\nusers:\n  - name: \"ubuntu\"              # labvm2\n    ssh-authorized-keys:\n      - ssh-rsa AAAAB3NzaC1yc2EAAAADAQABAAABgQC7UK4FEG0v/UdfAnhK2YlBJR17PtdlyhK2ihXRVf5By71FNMe6tq8hn/KZAd0wOWWJTTr60nd5a50m28MRl3jdh/NOCwsZpHre2rLUC3hB7Ucdzub+h/X9CLUpNv19qWQjT6D8ayKAW5qu5V4MI4N+Kk8AYj8RJeN7W0v634ShetpyaioXvTPz6+GRQQsqGBNEeftECZa33QPB0wOYYJJMcQK5sEYWwAEk5C8KzHtbv9X87/kAslq2ZV3ORMEOQv8ywoRV6+Tau3GjQbUToYxyQHXR8bFAVKm35vnNGkHZ0gnqkn5aoZd2G9CvQXPZ7gvOvmaK6Tlszm6ywko6I2zbma2c8jeX1yEaGPB8igGZxN0Ml9BpDku17TxAuBKYFDD4gkIgU4jiAukntEybRAlQS5TIX2Ht6PTUGKFqrgdQcVI9F9IQ8c8ej67s5Cduc/1D6bDtbkgLIJzW9Wct2Zhzg0pChNnprMOf3fIQ5b/05MOsnb1W5bAdjZ5O/6AAT7U= hichem@ops\n    sudo: ['ALL=(ALL) NOPASSWD:ALL']\n    groups: sudo\n    shell: /bin/bash\n    lock_passwd: false\n    passwd: $6$CPBD7PJYoXowkski$DvEZej04o2PlZ6ONGxb6hQbOSxejP6u1iHswucqNMt1BPnuqURCJ60CchqO.Lek6/nKL4l5rmw1MY/zfhEhKd0\ndisable_root: true\nssh_pwauth: true\n",
            "template": "#cloud-config\nusers:\n  - name: \"ubuntu\"              # labvm2\n    ssh-authorized-keys:\n      - ssh-rsa AAAAB3NzaC1yc2EAAAADAQABAAABgQC7UK4FEG0v/UdfAnhK2YlBJR17PtdlyhK2ihXRVf5By71FNMe6tq8hn/KZAd0wOWWJTTr60nd5a50m28MRl3jdh/NOCwsZpHre2rLUC3hB7Ucdzub+h/X9CLUpNv19qWQjT6D8ayKAW5qu5V4MI4N+Kk8AYj8RJeN7W0v634ShetpyaioXvTPz6+GRQQsqGBNEeftECZa33QPB0wOYYJJMcQK5sEYWwAEk5C8KzHtbv9X87/kAslq2ZV3ORMEOQv8ywoRV6+Tau3GjQbUToYxyQHXR8bFAVKm35vnNGkHZ0gnqkn5aoZd2G9CvQXPZ7gvOvmaK6Tlszm6ywko6I2zbma2c8jeX1yEaGPB8igGZxN0Ml9BpDku17TxAuBKYFDD4gkIgU4jiAukntEybRAlQS5TIX2Ht6PTUGKFqrgdQcVI9F9IQ8c8ej67s5Cduc/1D6bDtbkgLIJzW9Wct2Zhzg0pChNnprMOf3fIQ5b/05MOsnb1W5bAdjZ5O/6AAT7U= hichem@ops\n    sudo: ['ALL=(ALL) NOPASSWD:ALL']\n    groups: sudo\n    shell: /bin/bash\n    lock_passwd: false\n    passwd: $6$CPBD7PJYoXowkski$DvEZej04o2PlZ6ONGxb6hQbOSxejP6u1iHswucqNMt1BPnuqURCJ60CchqO.Lek6/nKL4l5rmw1MY/zfhEhKd0\ndisable_root: true\nssh_pwauth: true\n",
            "vars": null
          },
          "sensitive_attributes": [
            [
              {
                "type": "get_attr",
                "value": "template"
              }
            ]
          ],
          "identity_schema_version": 0
        },
        {
          "index_key": 3,
          "schema_version": 0,
          "attributes": {
            "filename": null,
            "id": "33fdb71c4ef0125e245092f9afefa884d64e77803f5c97de121cc3e7c8a8ad42",
            "rendered": "#cloud-config\nusers:\n  - name: \"ubuntu\"              # labvm3\n    ssh-authorized-keys:\n      - ssh-rsa AAAAB3NzaC1yc2EAAAADAQABAAABgQC7UK4FEG0v/UdfAnhK2YlBJR17PtdlyhK2ihXRVf5By71FNMe6tq8hn/KZAd0wOWWJTTr60nd5a50m28MRl3jdh/NOCwsZpHre2rLUC3hB7Ucdzub+h/X9CLUpNv19qWQjT6D8ayKAW5qu5V4MI4N+Kk8AYj8RJeN7W0v634ShetpyaioXvTPz6+GRQQsqGBNEeftECZa33QPB0wOYYJJMcQK5sEYWwAEk5C8KzHtbv9X87/kAslq2ZV3ORMEOQv8ywoRV6+Tau3GjQbUToYxyQHXR8bFAVKm35vnNGkHZ0gnqkn5aoZd2G9CvQXPZ7gvOvmaK6Tlszm6ywko6I2zbma2c8jeX1yEaGPB8igGZxN0Ml9BpDku17TxAuBKYFDD4gkIgU4jiAukntEybRAlQS5TIX2Ht6PTUGKFqrgdQcVI9F9IQ8c8ej67s5Cduc/1D6bDtbkgLIJzW9Wct2Zhzg0pChNnprMOf3fIQ5b/05MOsnb1W5bAdjZ5O/6AAT7U= hichem@ops\n    sudo: ['ALL=(ALL) NOPASSWD:ALL']\n    groups: sudo\n    shell: /bin/bash\n    lock_passwd: false\n    passwd: $6$CPBD7PJYoXowkski$DvEZej04o2PlZ6ONGxb6hQbOSxejP6u1iHswucqNMt1BPnuqURCJ60CchqO.Lek6/nKL4l5rmw1MY/zfhEhKd0\ndisable_root: true\nssh_pwauth: true\n",
            "template": "#cloud-config\nusers:\n  - name: \"ubuntu\"              # labvm3\n    ssh-authorized-keys:\n      - ssh-rsa AAAAB3NzaC1yc2EAAAADAQABAAABgQC7UK4FEG0v/UdfAnhK2YlBJR17PtdlyhK2ihXRVf5By71FNMe6tq8hn/KZAd0wOWWJTTr60nd5a50m28MRl3jdh/NOCwsZpHre2rLUC3hB7Ucdzub+h/X9CLUpNv19qWQjT6D8ayKAW5qu5V4MI4N+Kk8AYj8RJeN7W0v634ShetpyaioXvTPz6+GRQQsqGBNEeftECZa33QPB0wOYYJJMcQK5sEYWwAEk5C8KzHtbv9X87/kAslq2ZV3ORMEOQv8ywoRV6+Tau3GjQbUToYxyQHXR8bFAVKm35vnNGkHZ0gnqkn5aoZd2G9CvQXPZ7gvOvmaK6Tlszm6ywko6I2zbma2c8jeX1yEaGPB8igGZxN0Ml9BpDku17TxAuBKYFDD4gkIgU4jiAukntEybRAlQS5TIX2Ht6PTUGKFqrgdQcVI9F9IQ8c8ej67s5Cduc/1D6bDtbkgLIJzW9Wct2Zhzg0pChNnprMOf3fIQ5b/05MOsnb1W5bAdjZ5O/6AAT7U= hichem@ops\n    sudo: ['ALL=(ALL) NOPASSWD:ALL']\n    groups: sudo\n    shell: /bin/bash\n    lock_passwd: false\n    passwd: $6$CPBD7PJYoXowkski$DvEZej04o2PlZ6ONGxb6hQbOSxejP6u1iHswucqNMt1BPnuqURCJ60CchqO.Lek6/nKL4l5rmw1MY/zfhEhKd0\ndisable_root: true\nssh_pwauth: true\n",
            "vars": null
          },
          "sensitive_attributes": [
            [
              {
                "type": "get_attr",
                "value": "template"
              }
            ]
          ],
          "identity_schema_version": 0
        }
      ]
    },
    {
      "mode": "managed",
      "type": "libvirt_cloudinit_disk",
      "name": "commoninit",
      "provider": "provider[\"registry.terraform.io/dmacvicar/libvirt\"]",
      "instances": [
        {
          "index_key": 0,
          "schema_version": 0,
          "attributes": {
            "id": "/home/hichem/vms/labvm1-cloudinit.iso;6615a7e8-1e41-4377-a89c-8442263ada5d",
            "meta_data": "instance-id: labvm1\nlocal-hostname: labvm1\n",
            "name": "labvm1-cloudinit.iso",
            "network_config": "",
            "pool": "vms_dir",
            "user_data": "#cloud-config\nusers:\n  - name: \"ubuntu\"              # labvm0\n    ssh-authorized-keys:\n      - ssh-rsa AAAAB3NzaC1yc2EAAAADAQABAAABgQC7UK4FEG0v/UdfAnhK2YlBJR17PtdlyhK2ihXRVf5By71FNMe6tq8hn/KZAd0wOWWJTTr60nd5a50m28MRl3jdh/NOCwsZpHre2rLUC3hB7Ucdzub+h/X9CLUpNv19qWQjT6D8ayKAW5qu5V4MI4N+Kk8AYj8RJeN7W0v634ShetpyaioXvTPz6+GRQQsqGBNEeftECZa33QPB0wOYYJJMcQK5sEYWwAEk5C8KzHtbv9X87/kAslq2ZV3ORMEOQv8ywoRV6+Tau3GjQbUToYxyQHXR8bFAVKm35vnNGkHZ0gnqkn5aoZd2G9CvQXPZ7gvOvmaK6Tlszm6ywko6I2zbma2c8jeX1yEaGPB8igGZxN0Ml9BpDku17TxAuBKYFDD4gkIgU4jiAukntEybRAlQS5TIX2Ht6PTUGKFqrgdQcVI9F9IQ8c8ej67s5Cduc/1D6bDtbkgLIJzW9Wct2Zhzg0pChNnprMOf3fIQ5b/05MOsnb1W5bAdjZ5O/6AAT7U= hichem@ops\n    sudo: ['ALL=(ALL) NOPASSWD:ALL']\n    groups: sudo\n    shell: /bin/bash\n    lock_passwd: false\n    passwd: $6$CPBD7PJYoXowkski$DvEZej04o2PlZ6ONGxb6hQbOSxejP6u1iHswucqNMt1BPnuqURCJ60CchqO.Lek6/nKL4l5rmw1MY/zfhEhKd0\ndisable_root: true\nssh_pwauth: true\n"
          },
          "sensitive_attributes": [],
          "identity_schema_version": 0,
          "private": "bnVsbA==",
          "dependencies": [
            "data.template_file.meta_data",
            "data.template_file.user_data",
            "libvirt_pool.vms_dir"
          ]
        },
        {
          "index_key": 1,
          "schema_version": 0,
          "attributes": {
            "id": "/home/hichem/vms/labvm2-cloudinit.iso;32eb405a-5101-47f3-88b1-c5c5352e9314",
            "meta_data": "instance-id: labvm2\nlocal-hostname: labvm2\n",
            "name": "labvm2-cloudinit.iso",
            "network_config": "",
            "pool": "vms_dir",
            "user_data": "#cloud-config\nusers:\n  - name: \"ubuntu\"              # labvm1\n    ssh-authorized-keys:\n      - ssh-rsa AAAAB3NzaC1yc2EAAAADAQABAAABgQC7UK4FEG0v/UdfAnhK2YlBJR17PtdlyhK2ihXRVf5By71FNMe6tq8hn/KZAd0wOWWJTTr60nd5a50m28MRl3jdh/NOCwsZpHre2rLUC3hB7Ucdzub+h/X9CLUpNv19qWQjT6D8ayKAW5qu5V4MI4N+Kk8AYj8RJeN7W0v634ShetpyaioXvTPz6+GRQQsqGBNEeftECZa33QPB0wOYYJJMcQK5sEYWwAEk5C8KzHtbv9X87/kAslq2ZV3ORMEOQv8ywoRV6+Tau3GjQbUToYxyQHXR8bFAVKm35vnNGkHZ0gnqkn5aoZd2G9CvQXPZ7gvOvmaK6Tlszm6ywko6I2zbma2c8jeX1yEaGPB8igGZxN0Ml9BpDku17TxAuBKYFDD4gkIgU4jiAukntEybRAlQS5TIX2Ht6PTUGKFqrgdQcVI9F9IQ8c8ej67s5Cduc/1D6bDtbkgLIJzW9Wct2Zhzg0pChNnprMOf3fIQ5b/05MOsnb1W5bAdjZ5O/6AAT7U= hichem@ops\n    sudo: ['ALL=(ALL) NOPASSWD:ALL']\n    groups: sudo\n    shell: /bin/bash\n    lock_passwd: false\n    passwd: $6$CPBD7PJYoXowkski$DvEZej04o2PlZ6ONGxb6hQbOSxejP6u1iHswucqNMt1BPnuqURCJ60CchqO.Lek6/nKL4l5rmw1MY/zfhEhKd0\ndisable_root: true\nssh_pwauth: true\n"
          },
          "sensitive_attributes": [],
          "identity_schema_version": 0,
          "private": "bnVsbA==",
          "dependencies": [
            "data.template_file.meta_data",
            "data.template_file.user_data",
            "libvirt_pool.vms_dir"
          ]
        },
        {
          "index_key": 2,
          "schema_version": 0,
          "attributes": {
            "id": "/home/hichem/vms/labvm3-cloudinit.iso;63e4dc8c-9d61-44ba-8f20-b6626694c739",
            "meta_data": "instance-id: labvm3\nlocal-hostname: labvm3\n",
            "name": "labvm3-cloudinit.iso",
            "network_config": "",
            "pool": "vms_dir",
            "user_data": "#cloud-config\nusers:\n  - name: \"ubuntu\"              # labvm2\n    ssh-authorized-keys:\n      - ssh-rsa AAAAB3NzaC1yc2EAAAADAQABAAABgQC7UK4FEG0v/UdfAnhK2YlBJR17PtdlyhK2ihXRVf5By71FNMe6tq8hn/KZAd0wOWWJTTr60nd5a50m28MRl3jdh/NOCwsZpHre2rLUC3hB7Ucdzub+h/X9CLUpNv19qWQjT6D8ayKAW5qu5V4MI4N+Kk8AYj8RJeN7W0v634ShetpyaioXvTPz6+GRQQsqGBNEeftECZa33QPB0wOYYJJMcQK5sEYWwAEk5C8KzHtbv9X87/kAslq2ZV3ORMEOQv8ywoRV6+Tau3GjQbUToYxyQHXR8bFAVKm35vnNGkHZ0gnqkn5aoZd2G9CvQXPZ7gvOvmaK6Tlszm6ywko6I2zbma2c8jeX1yEaGPB8igGZxN0Ml9BpDku17TxAuBKYFDD4gkIgU4jiAukntEybRAlQS5TIX2Ht6PTUGKFqrgdQcVI9F9IQ8c8ej67s5Cduc/1D6bDtbkgLIJzW9Wct2Zhzg0pChNnprMOf3fIQ5b/05MOsnb1W5bAdjZ5O/6AAT7U= hichem@ops\n    sudo: ['ALL=(ALL) NOPASSWD:ALL']\n    groups: sudo\n    shell: /bin/bash\n    lock_passwd: false\n    passwd: $6$CPBD7PJYoXowkski$DvEZej04o2PlZ6ONGxb6hQbOSxejP6u1iHswucqNMt1BPnuqURCJ60CchqO.Lek6/nKL4l5rmw1MY/zfhEhKd0\ndisable_root: true\nssh_pwauth: true\n"
          },
          "sensitive_attributes": [],
          "identity_schema_version": 0,
          "private": "bnVsbA==",
          "dependencies": [
            "data.template_file.meta_data",
            "data.template_file.user_data",
            "libvirt_pool.vms_dir"
          ]
        },
        {
          "index_key": 3,
          "schema_version": 0,
          "attributes": {
            "id": "/home/hichem/vms/labvm4-cloudinit.iso;4d949df7-804d-4926-be5f-76bf0d20ac64",
            "meta_data": "instance-id: labvm4\nlocal-hostname: labvm4\n",
            "name": "labvm4-cloudinit.iso",
            "network_config": "",
            "pool": "vms_dir",
            "user_data": "#cloud-config\nusers:\n  - name: \"ubuntu\"              # labvm3\n    ssh-authorized-keys:\n      - ssh-rsa AAAAB3NzaC1yc2EAAAADAQABAAABgQC7UK4FEG0v/UdfAnhK2YlBJR17PtdlyhK2ihXRVf5By71FNMe6tq8hn/KZAd0wOWWJTTr60nd5a50m28MRl3jdh/NOCwsZpHre2rLUC3hB7Ucdzub+h/X9CLUpNv19qWQjT6D8ayKAW5qu5V4MI4N+Kk8AYj8RJeN7W0v634ShetpyaioXvTPz6+GRQQsqGBNEeftECZa33QPB0wOYYJJMcQK5sEYWwAEk5C8KzHtbv9X87/kAslq2ZV3ORMEOQv8ywoRV6+Tau3GjQbUToYxyQHXR8bFAVKm35vnNGkHZ0gnqkn5aoZd2G9CvQXPZ7gvOvmaK6Tlszm6ywko6I2zbma2c8jeX1yEaGPB8igGZxN0Ml9BpDku17TxAuBKYFDD4gkIgU4jiAukntEybRAlQS5TIX2Ht6PTUGKFqrgdQcVI9F9IQ8c8ej67s5Cduc/1D6bDtbkgLIJzW9Wct2Zhzg0pChNnprMOf3fIQ5b/05MOsnb1W5bAdjZ5O/6AAT7U= hichem@ops\n    sudo: ['ALL=(ALL) NOPASSWD:ALL']\n    groups: sudo\n    shell: /bin/bash\n    lock_passwd: false\n    passwd: $6$CPBD7PJYoXowkski$DvEZej04o2PlZ6ONGxb6hQbOSxejP6u1iHswucqNMt1BPnuqURCJ60CchqO.Lek6/nKL4l5rmw1MY/zfhEhKd0\ndisable_root: true\nssh_pwauth: true\n"
          },
          "sensitive_attributes": [],
          "identity_schema_version": 0,
          "private": "bnVsbA==",
          "dependencies": [
            "data.template_file.meta_data",
            "data.template_file.user_data",
            "libvirt_pool.vms_dir"
          ]
        }
      ]
    },
    {
      "mode": "managed",
      "type": "libvirt_domain",
      "name": "vm",
      "provider": "provider[\"registry.terraform.io/dmacvicar/libvirt\"]",
      "instances": [
        {
          "index_key": 0,
          "schema_version": 0,
          "attributes": {
            "arch": "x86_64",
            "autostart": false,
            "boot_device": [],
            "cloudinit": "/home/hichem/vms/labvm1-cloudinit.iso;6615a7e8-1e41-4377-a89c-8442263ada5d",
            "cmdline": null,
            "console": [
              {
                "source_host": "127.0.0.1",
                "source_path": "",
                "source_service": "0",
                "target_port": "0",
                "target_type": "serial",
                "type": "pty"
              }
            ],
            "coreos_ignition": null,
            "cpu": [
              {
                "mode": "custom"
              }
            ],
            "description": "",
            "disk": [
              {
                "block_device": "",
                "file": "",
                "scsi": false,
                "url": "",
                "volume_id": "/home/hichem/vms/labvm1-system.qcow2",
                "wwn": ""
              }
            ],
            "emulator": "/usr/bin/qemu-system-x86_64",
            "filesystem": [],
            "firmware": null,
            "fw_cfg_name": "opt/com.coreos/config",
            "graphics": [
              {
                "autoport": true,
                "listen_address": "127.0.0.1",
                "listen_type": "none",
                "type": "spice",
                "websocket": 0
              }
            ],
            "id": "5062f8ae-d700-4b74-bc3a-9f9fbb9f7247",
            "initrd": "",
            "kernel": "",
            "machine": "pc",
            "memory": 2048,
            "metadata": null,
            "name": "labvm1",
            "network_interface": [
              {
                "addresses": [],
                "bridge": "",
                "hostname": "labvm1",
                "mac": "52:54:00:4A:5F:22",
                "macvtap": "",
                "network_id": "42092c21-3f8f-4c3b-b3e7-f5c2f799bebf",
                "network_name": "default",
                "passthrough": "",
                "private": "",
                "vepa": "",
                "wait_for_lease": false
              }
            ],
            "nvram": null,
            "qemu_agent": false,
            "running": true,
            "timeouts": null,
            "tpm": [],
            "type": "kvm",
            "vcpu": 2,
            "video": [],
            "xml": []
          },
          "sensitive_attributes": [],
          "identity_schema_version": 0,
          "private": "eyJlMmJmYjczMC1lY2FhLTExZTYtOGY4OC0zNDM2M2JjN2M0YzAiOnsiY3JlYXRlIjozMDAwMDAwMDAwMDB9fQ==",
          "dependencies": [
            "data.template_file.meta_data",
            "data.template_file.user_data",
            "libvirt_cloudinit_disk.commoninit",
            "libvirt_pool.vms_dir",
            "libvirt_volume.system"
          ]
        },
        {
          "index_key": 1,
          "schema_version": 0,
          "attributes": {
            "arch": "x86_64",
            "autostart": false,
            "boot_device": [],
            "cloudinit": "/home/hichem/vms/labvm2-cloudinit.iso;32eb405a-5101-47f3-88b1-c5c5352e9314",
            "cmdline": null,
            "console": [
              {
                "source_host": "127.0.0.1",
                "source_path": "",
                "source_service": "0",
                "target_port": "0",
                "target_type": "serial",
                "type": "pty"
              }
            ],
            "coreos_ignition": null,
            "cpu": [
              {
                "mode": "custom"
              }
            ],
            "description": "",
            "disk": [
              {
                "block_device": "",
                "file": "",
                "scsi": false,
                "url": "",
                "volume_id": "/home/hichem/vms/labvm2-system.qcow2",
                "wwn": ""
              }
            ],
            "emulator": "/usr/bin/qemu-system-x86_64",
            "filesystem": [],
            "firmware": null,
            "fw_cfg_name": "opt/com.coreos/config",
            "graphics": [
              {
                "autoport": true,
                "listen_address": "127.0.0.1",
                "listen_type": "none",
                "type": "spice",
                "websocket": 0
              }
            ],
            "id": "9fbbc055-5719-48c3-8a5c-f58082fb4cf2",
            "initrd": "",
            "kernel": "",
            "machine": "pc",
            "memory": 2048,
            "metadata": null,
            "name": "labvm2",
            "network_interface": [
              {
                "addresses": [],
                "bridge": "",
                "hostname": "labvm2",
                "mac": "52:54:00:06:26:8D",
                "macvtap": "",
                "network_id": "42092c21-3f8f-4c3b-b3e7-f5c2f799bebf",
                "network_name": "default",
                "passthrough": "",
                "private": "",
                "vepa": "",
                "wait_for_lease": false
              }
            ],
            "nvram": null,
            "qemu_agent": false,
            "running": true,
            "timeouts": null,
            "tpm": [],
            "type": "kvm",
            "vcpu": 2,
            "video": [],
            "xml": []
          },
          "sensitive_attributes": [],
          "identity_schema_version": 0,
          "private": "eyJlMmJmYjczMC1lY2FhLTExZTYtOGY4OC0zNDM2M2JjN2M0YzAiOnsiY3JlYXRlIjozMDAwMDAwMDAwMDB9fQ==",
          "dependencies": [
            "data.template_file.meta_data",
            "data.template_file.user_data",
            "libvirt_cloudinit_disk.commoninit",
            "libvirt_pool.vms_dir",
            "libvirt_volume.system"
          ]
        },
        {
          "index_key": 2,
          "schema_version": 0,
          "attributes": {
            "arch": "x86_64",
            "autostart": false,
            "boot_device": [],
            "cloudinit": "/home/hichem/vms/labvm3-cloudinit.iso;63e4dc8c-9d61-44ba-8f20-b6626694c739",
            "cmdline": null,
            "console": [
              {
                "source_host": "127.0.0.1",
                "source_path": "",
                "source_service": "0",
                "target_port": "0",
                "target_type": "serial",
                "type": "pty"
              }
            ],
            "coreos_ignition": null,
            "cpu": [
              {
                "mode": "custom"
              }
            ],
            "description": "",
            "disk": [
              {
                "block_device": "",
                "file": "",
                "scsi": false,
                "url": "",
                "volume_id": "/home/hichem/vms/labvm3-system.qcow2",
                "wwn": ""
              }
            ],
            "emulator": "/usr/bin/qemu-system-x86_64",
            "filesystem": [],
            "firmware": null,
            "fw_cfg_name": "opt/com.coreos/config",
            "graphics": [
              {
                "autoport": true,
                "listen_address": "127.0.0.1",
                "listen_type": "none",
                "type": "spice",
                "websocket": 0
              }
            ],
            "id": "234dd29b-adba-473b-9645-f3ae61f2e822",
            "initrd": "",
            "kernel": "",
            "machine": "pc",
            "memory": 2048,
            "metadata": null,
            "name": "labvm3",
            "network_interface": [
              {
                "addresses": [],
                "bridge": "",
                "hostname": "labvm3",
                "mac": "52:54:00:E6:2E:EF",
                "macvtap": "",
                "network_id": "42092c21-3f8f-4c3b-b3e7-f5c2f799bebf",
                "network_name": "default",
                "passthrough": "",
                "private": "",
                "vepa": "",
                "wait_for_lease": false
              }
            ],
            "nvram": null,
            "qemu_agent": false,
            "running": true,
            "timeouts": null,
            "tpm": [],
            "type": "kvm",
            "vcpu": 2,
            "video": [],
            "xml": []
          },
          "sensitive_attributes": [],
          "identity_schema_version": 0,
          "private": "eyJlMmJmYjczMC1lY2FhLTExZTYtOGY4OC0zNDM2M2JjN2M0YzAiOnsiY3JlYXRlIjozMDAwMDAwMDAwMDB9fQ==",
          "dependencies": [
            "data.template_file.meta_data",
            "data.template_file.user_data",
            "libvirt_cloudinit_disk.commoninit",
            "libvirt_pool.vms_dir",
            "libvirt_volume.system"
          ]
        },
        {
          "index_key": 3,
          "schema_version": 0,
          "attributes": {
            "arch": "x86_64",
            "autostart": false,
            "boot_device": [],
            "cloudinit": "/home/hichem/vms/labvm4-cloudinit.iso;4d949df7-804d-4926-be5f-76bf0d20ac64",
            "cmdline": null,
            "console": [
              {
                "source_host": "127.0.0.1",
                "source_path": "",
                "source_service": "0",
                "target_port": "0",
                "target_type": "serial",
                "type": "pty"
              }
            ],
            "coreos_ignition": null,
            "cpu": [
              {
                "mode": "custom"
              }
            ],
            "description": "",
            "disk": [
              {
                "block_device": "",
                "file": "",
                "scsi": false,
                "url": "",
                "volume_id": "/home/hichem/vms/labvm4-system.qcow2",
                "wwn": ""
              }
            ],
            "emulator": "/usr/bin/qemu-system-x86_64",
            "filesystem": [],
            "firmware": null,
            "fw_cfg_name": "opt/com.coreos/config",
            "graphics": [
              {
                "autoport": true,
                "listen_address": "127.0.0.1",
                "listen_type": "none",
                "type": "spice",
                "websocket": 0
              }
            ],
            "id": "3e05f179-c9c8-44cf-9e1c-e9467f33b97c",
            "initrd": "",
            "kernel": "",
            "machine": "pc",
            "memory": 2048,
            "metadata": null,
            "name": "labvm4",
            "network_interface": [
              {
                "addresses": [],
                "bridge": "",
                "hostname": "labvm4",
                "mac": "52:54:00:3A:B2:BA",
                "macvtap": "",
                "network_id": "42092c21-3f8f-4c3b-b3e7-f5c2f799bebf",
                "network_name": "default",
                "passthrough": "",
                "private": "",
                "vepa": "",
                "wait_for_lease": false
              }
            ],
            "nvram": null,
            "qemu_agent": false,
            "running": true,
            "timeouts": null,
            "tpm": [],
            "type": "kvm",
            "vcpu": 2,
            "video": [],
            "xml": []
          },
          "sensitive_attributes": [],
          "identity_schema_version": 0,
          "private": "eyJlMmJmYjczMC1lY2FhLTExZTYtOGY4OC0zNDM2M2JjN2M0YzAiOnsiY3JlYXRlIjozMDAwMDAwMDAwMDB9fQ==",
          "dependencies": [
            "data.template_file.meta_data",
            "data.template_file.user_data",
            "libvirt_cloudinit_disk.commoninit",
            "libvirt_pool.vms_dir",
            "libvirt_volume.system"
          ]
        }
      ]
    },
    {
      "mode": "managed",
      "type": "libvirt_pool",
      "name": "vms_dir",
      "provider": "provider[\"registry.terraform.io/dmacvicar/libvirt\"]",
      "instances": [
        {
          "schema_version": 0,
          "attributes": {
            "allocation": 143867576320,
            "available": 66373984256,
            "capacity": 210241560576,
            "id": "55bfe71d-ee33-440b-a78c-0846fe75e0ab",
            "name": "vms_dir",
            "path": null,
            "source": [],
            "target": [
              {
                "path": "/home/hichem/vms"
              }
            ],
            "type": "dir",
            "xml": []
          },
          "sensitive_attributes": [],
          "identity_schema_version": 0,
          "private": "bnVsbA=="
        }
      ]
    },
    {
      "mode": "managed",
      "type": "libvirt_volume",
      "name": "system",
      "provider": "provider[\"registry.terraform.io/dmacvicar/libvirt\"]",
      "instances": [
        {
          "index_key": 0,
          "schema_version": 0,
          "attributes": {
            "base_volume_id": null,
            "base_volume_name": null,
            "base_volume_pool": null,
            "format": "qcow2",
            "id": "/home/hichem/vms/labvm1-system.qcow2",
            "name": "labvm1-system.qcow2",
            "pool": "vms_dir",
            "size": 2361393152,
            "source": "/home/hichem/vms/ubuntu-focal-base.qcow2",
            "xml": []
          },
          "sensitive_attributes": [],
          "identity_schema_version": 0,
          "private": "bnVsbA==",
          "dependencies": [
            "libvirt_pool.vms_dir"
          ]
        },
        {
          "index_key": 1,
          "schema_version": 0,
          "attributes": {
            "base_volume_id": null,
            "base_volume_name": null,
            "base_volume_pool": null,
            "format": "qcow2",
            "id": "/home/hichem/vms/labvm2-system.qcow2",
            "name": "labvm2-system.qcow2",
            "pool": "vms_dir",
            "size": 2361393152,
            "source": "/home/hichem/vms/ubuntu-focal-base.qcow2",
            "xml": []
          },
          "sensitive_attributes": [],
          "identity_schema_version": 0,
          "private": "bnVsbA==",
          "dependencies": [
            "libvirt_pool.vms_dir"
          ]
        },
        {
          "index_key": 2,
          "schema_version": 0,
          "attributes": {
            "base_volume_id": null,
            "base_volume_name": null,
            "base_volume_pool": null,
            "format": "qcow2",
            "id": "/home/hichem/vms/labvm3-system.qcow2",
            "name": "labvm3-system.qcow2",
            "pool": "vms_dir",
            "size": 2361393152,
            "source": "/home/hichem/vms/ubuntu-focal-base.qcow2",
            "xml": []
          },
          "sensitive_attributes": [],
          "identity_schema_version": 0,
          "private": "bnVsbA==",
          "dependencies": [
            "libvirt_pool.vms_dir"
          ]
        },
        {
          "index_key": 3,
          "schema_version": 0,
          "attributes": {
            "base_volume_id": null,
            "base_volume_name": null,
            "base_volume_pool": null,
            "format": "qcow2",
            "id": "/home/hichem/vms/labvm4-system.qcow2",
            "name": "labvm4-system.qcow2",
            "pool": "vms_dir",
            "size": 2361393152,
            "source": "/home/hichem/vms/ubuntu-focal-base.qcow2",
            "xml": []
          },
          "sensitive_attributes": [],
          "identity_schema_version": 0,
          "private": "bnVsbA==",
          "dependencies": [
            "libvirt_pool.vms_dir"
          ]
        }
      ]
    },
    {
      "mode": "managed",
      "type": "null_resource",
      "name": "activate_pool",
      "provider": "provider[\"registry.terraform.io/hashicorp/null\"]",
      "instances": [
        {
          "schema_version": 0,
          "attributes": {
            "id": "548557999185829018",
            "triggers": null
          },
          "sensitive_attributes": [],
          "identity_schema_version": 0,
          "dependencies": [
            "libvirt_pool.vms_dir"
          ]
        }
      ]
    }
  ],
  "check_results": null
}
